<?xml version="1.0" encoding="utf-8"?>
<Project ToolsVersion="4.0" xmlns="http://schemas.microsoft.com/developer/msbuild/2003">
  <ItemGroup>
    <Filter Include="Header Files">
      <UniqueIdentifier>{93995380-89BD-4b04-88EB-625FBE52EBFB}</UniqueIdentifier>
      <Extensions>h;hpp;hxx;hm;inl;inc;xsd</Extensions>
    </Filter>
    <Filter Include="Resource Files">
      <UniqueIdentifier>{67DA6AB6-F800-4c08-8B7A-83BB121AAD01}</UniqueIdentifier>
      <Extensions>rc;ico;cur;bmp;dlg;rc2;rct;bin;rgs;gif;jpg;jpeg;jpe;resx;tiff;tif;png;wav</Extensions>
    </Filter>
    <Filter Include="Source Files">
      <UniqueIdentifier>{4FC737F1-C7A5-4376-A066-2A32D752A2FF}</UniqueIdentifier>
      <Extensions>cpp;c;cc;cxx;def;odl;idl;hpj;bat;asm;asmx</Extensions>
    </Filter>
    <Filter Include="Source Files\Demos">
      <UniqueIdentifier>{43825ca5-b5e1-402d-a57a-be1b7f41d1ae}</UniqueIdentifier>
    </Filter>
    <Filter Include="Source Files\Framework">
      <UniqueIdentifier>{82649680-6f01-4f4b-9016-33d2f9930b72}</UniqueIdentifier>
    </Filter>
    <Filter Include="Header Files\Framework">
      <UniqueIdentifier>{4e4a6a07-d337-42ef-975e-413637bbb864}</UniqueIdentifier>
    </Filter>
    <Filter Include="Header Files\Demos">
      <UniqueIdentifier>{4af3086a-f0ad-4421-8647-84b711bdf81f}</UniqueIdentifier>
    </Filter>
    <Filter Include="Header Files\More advanced demos">
      <UniqueIdentifier>{e38293cc-3428-43ad-958b-907f28db06b8}</UniqueIdentifier>
    </Filter>
    <Filter Include="Source Files\More advanced demos">
      <UniqueIdentifier>{427592e9-3a23-441e-8895-59b91fa3c6af}</UniqueIdentifier>
    </Filter>
    <Filter Include="Source Files\Entity">
      <UniqueIdentifier>{80dc1458-1756-4f36-ab60-1af17fcd0558}</UniqueIdentifier>
    </Filter>
    <Filter Include="Source Files\Entity\Mob">
      <UniqueIdentifier>{57c1f54b-261e-4e1e-8751-2e3572085796}</UniqueIdentifier>
    </Filter>
    <Filter Include="Source Files\Level">
      <UniqueIdentifier>{2cb51eaf-3970-48cb-9d71-da8c00d89203}</UniqueIdentifier>
    </Filter>
    <Filter Include="Source Files\Graphics">
      <UniqueIdentifier>{ddaddfeb-3adc-4aa1-91c0-39c230cd33a1}</UniqueIdentifier>
    </Filter>
    <Filter Include="Source Files\Level\Tile">
      <UniqueIdentifier>{e3ffea3a-89a5-4fbe-8ebd-40cb4a702761}</UniqueIdentifier>
    </Filter>
  </ItemGroup>
  <ItemGroup>
    <ClInclude Include="header.h">
      <Filter>Header Files</Filter>
    </ClInclude>
    <ClInclude Include="BaseEngine.h">
      <Filter>Header Files\Framework</Filter>
    </ClInclude>
    <ClInclude Include="DisplayableObject.h">
      <Filter>Header Files\Framework</Filter>
    </ClInclude>
    <ClInclude Include="FontManager.h">
      <Filter>Header Files\Framework</Filter>
    </ClInclude>
    <ClInclude Include="TileManager.h">
      <Filter>Header Files\Framework</Filter>
    </ClInclude>
    <ClInclude Include="BouncingBall.h">
      <Filter>Header Files\Demos</Filter>
    </ClInclude>
    <ClInclude Include="BouncingBallMain.h">
      <Filter>Header Files\Demos</Filter>
    </ClInclude>
    <ClInclude Include="SimpleDemo.h">
      <Filter>Header Files\Demos</Filter>
    </ClInclude>
    <ClInclude Include="MazeDemoMain.h">
      <Filter>Header Files\Demos</Filter>
    </ClInclude>
    <ClInclude Include="MazeDemoObject.h">
      <Filter>Header Files\Demos</Filter>
    </ClInclude>
    <ClInclude Include="MazeDemoTileManager.h">
      <Filter>Header Files\Demos</Filter>
    </ClInclude>
    <ClInclude Include="DisplayableObjectContainer.h">
      <Filter>Header Files\Framework</Filter>
    </ClInclude>
    <ClInclude Include="ImageManager.h">
      <Filter>Header Files\Framework</Filter>
    </ClInclude>
    <ClInclude Include="SimpleImage.h">
      <Filter>Header Files\Framework</Filter>
    </ClInclude>
    <ClInclude Include="UtilMovementPosition.h">
      <Filter>Header Files\Framework</Filter>
    </ClInclude>
    <ClInclude Include="UtilCollisionDetection.h">
      <Filter>Header Files\Framework</Filter>
    </ClInclude>
    <ClInclude Include="ExampleObjects.h">
      <Filter>Header Files\Demos</Filter>
    </ClInclude>
    <ClInclude Include="ImagePixelMapping.h">
      <Filter>Header Files\Framework</Filter>
    </ClInclude>
    <ClInclude Include="UtilDragAlignment.h">
      <Filter>Header Files\Framework</Filter>
    </ClInclude>
    <ClInclude Include="DrawingSurface.h">
      <Filter>Header Files\Framework</Filter>
    </ClInclude>
    <ClInclude Include="FilterPoints.h">
      <Filter>Header Files\Framework</Filter>
    </ClInclude>
    <ClInclude Include="RawImageData.h">
      <Filter>Header Files\Framework</Filter>
    </ClInclude>
    <ClInclude Include="UtilCachedSimpleTrig.h">
      <Filter>Header Files\Framework</Filter>
    </ClInclude>
    <ClInclude Include="DraggingDemo.h">
      <Filter>Header Files\More advanced demos</Filter>
    </ClInclude>
    <ClInclude Include="FlashingDemo.h">
      <Filter>Header Files\More advanced demos</Filter>
    </ClInclude>
    <ClInclude Include="ImageMappingDemo.h">
      <Filter>Header Files\More advanced demos</Filter>
    </ClInclude>
    <ClInclude Include="SimpleFlashingDragableImageObject.h">
      <Filter>Header Files\More advanced demos</Filter>
    </ClInclude>
    <ClInclude Include="StarfieldDemo.h">
      <Filter>Header Files\More advanced demos</Filter>
    </ClInclude>
    <ClInclude Include="ZoomingDemo.h">
      <Filter>Header Files\More advanced demos</Filter>
    </ClInclude>
    <ClInclude Include="ExampleDragableObjects.h">
      <Filter>Header Files\More advanced demos</Filter>
    </ClInclude>
    <ClInclude Include="ExampleFilterPointClasses.h">
      <Filter>Header Files\More advanced demos</Filter>
    </ClInclude>
    <ClInclude Include="MyDemoA.h">
      <Filter>Header Files</Filter>
    </ClInclude>
    <ClInclude Include="MyTileManager.h">
      <Filter>Header Files</Filter>
    </ClInclude>
    <ClInclude Include="MyObjectB.h">
      <Filter>Header Files</Filter>
    </ClInclude>
    <ClInclude Include="PsyhqEngine.h">
      <Filter>Header Files</Filter>
    </ClInclude>
    <ClInclude Include="scoreObject.h">
      <Filter>Header Files</Filter>
    </ClInclude>
    <ClInclude Include="Zombie.h">
      <Filter>Header Files</Filter>
    </ClInclude>
    <ClInclude Include="PsyhqTileManager.h">
      <Filter>Header Files</Filter>
    </ClInclude>
    <ClInclude Include="State.h">
      <Filter>Header Files</Filter>
    </ClInclude>
    <ClInclude Include="MenuButton.h">
      <Filter>Header Files</Filter>
    </ClInclude>
    <ClInclude Include="Entity.h">
      <Filter>Header Files</Filter>
    </ClInclude>
    <ClInclude Include="Mob.h">
      <Filter>Header Files</Filter>
    </ClInclude>
    <ClInclude Include="Player.h">
      <Filter>Header Files</Filter>
    </ClInclude>
    <ClInclude Include="Player1.h">
      <Filter>Header Files</Filter>
    </ClInclude>
    <ClInclude Include="Chaser.h">
      <Filter>Header Files</Filter>
    </ClInclude>
    <ClInclude Include="Dummy.h">
      <Filter>Header Files</Filter>
    </ClInclude>
    <ClInclude Include="Shooter.h">
      <Filter>Header Files</Filter>
    </ClInclude>
    <ClInclude Include="Dragon.h">
      <Filter>Header Files</Filter>
    </ClInclude>
    <ClInclude Include="ChaserPro.h">
      <Filter>Header Files</Filter>
    </ClInclude>
    <ClInclude Include="Node.h">
      <Filter>Header Files</Filter>
    </ClInclude>
    <ClInclude Include="Dynamite.h">
      <Filter>Header Files</Filter>
    </ClInclude>
    <ClInclude Include="TileCoordinate.h">
      <Filter>Header Files</Filter>
    </ClInclude>
    <ClInclude Include="LevelOne.h">
      <Filter>Header Files</Filter>
    </ClInclude>
    <ClInclude Include="Tile.h">
      <Filter>Header Files</Filter>
    </ClInclude>
    <ClInclude Include="GrassTile.h">
      <Filter>Header Files</Filter>
    </ClInclude>
    <ClInclude Include="BoxTile.h">
      <Filter>Header Files</Filter>
    </ClInclude>
    <ClInclude Include="StoneWallTile.h">
      <Filter>Header Files</Filter>
    </ClInclude>
    <ClInclude Include="StoneFloorTile.h">
      <Filter>Header Files</Filter>
    </ClInclude>
    <ClInclude Include="LevelTwo.h">
      <Filter>Header Files</Filter>
    </ClInclude>
    <ClInclude Include="LevelThree.h">
      <Filter>Header Files</Filter>
    </ClInclude>
    <ClInclude Include="LevelFour.h">
      <Filter>Header Files</Filter>
    </ClInclude>
    <ClInclude Include="LevelFive.h">
      <Filter>Header Files</Filter>
    </ClInclude>
    <ClInclude Include="LevelSix.h">
      <Filter>Header Files</Filter>
    </ClInclude>
    <ClInclude Include="LevelSeven.h">
      <Filter>Header Files</Filter>
    </ClInclude>
    <ClInclude Include="LevelEight.h">
      <Filter>Header Files</Filter>
    </ClInclude>
    <ClInclude Include="LevelNine.h">
      <Filter>Header Files</Filter>
    </ClInclude>
    <ClInclude Include="LevelTen.h">
      <Filter>Header Files</Filter>
    </ClInclude>
    <ClInclude Include="AnimatedSprite.h">
      <Filter>Header Files</Filter>
    </ClInclude>
    <ClInclude Include="ButtonTile.h">
      <Filter>Header Files</Filter>
    </ClInclude>
    <ClInclude Include="DoorTile.h">
      <Filter>Header Files</Filter>
    </ClInclude>
    <ClInclude Include="Explosion.h">
      <Filter>Header Files</Filter>
    </ClInclude>
    <ClInclude Include="rotateImage.h">
      <Filter>Header Files</Filter>
    </ClInclude>
    <ClInclude Include="Projectile.h">
      <Filter>Header Files</Filter>
    </ClInclude>
    <ClInclude Include="Fireball.h">
      <Filter>Header Files</Filter>
    </ClInclude>
  </ItemGroup>
  <ItemGroup>
    <ClCompile Include="mainfunction.cpp">
      <Filter>Source Files</Filter>
    </ClCompile>
    <ClCompile Include="BaseEngine.cpp">
      <Filter>Source Files\Framework</Filter>
    </ClCompile>
    <ClCompile Include="DisplayableObject.cpp">
      <Filter>Source Files\Framework</Filter>
    </ClCompile>
    <ClCompile Include="FontManager.cpp">
      <Filter>Source Files\Framework</Filter>
    </ClCompile>
    <ClCompile Include="TileManager.cpp">
      <Filter>Source Files\Framework</Filter>
    </ClCompile>
    <ClCompile Include="BouncingBall.cpp">
      <Filter>Source Files\Demos</Filter>
    </ClCompile>
    <ClCompile Include="BouncingBallMain.cpp">
      <Filter>Source Files\Demos</Filter>
    </ClCompile>
    <ClCompile Include="SimpleDemo.cpp">
      <Filter>Source Files\Demos</Filter>
    </ClCompile>
    <ClCompile Include="MazeDemoObject.cpp">
      <Filter>Source Files\Demos</Filter>
    </ClCompile>
    <ClCompile Include="MazeDemoMain.cpp">
      <Filter>Source Files\Demos</Filter>
    </ClCompile>
    <ClCompile Include="MazeDemoTileManager.cpp">
      <Filter>Source Files\Demos</Filter>
    </ClCompile>
    <ClCompile Include="SimpleImage.cpp">
      <Filter>Source Files\Framework</Filter>
    </ClCompile>
    <ClCompile Include="DrawingSurface.cpp">
      <Filter>Source Files\Framework</Filter>
    </ClCompile>
    <ClCompile Include="DraggingDemo.cpp">
      <Filter>Source Files\More advanced demos</Filter>
    </ClCompile>
    <ClCompile Include="FlashingDemo.cpp">
      <Filter>Source Files\More advanced demos</Filter>
    </ClCompile>
    <ClCompile Include="ImageMappingDemo.cpp">
      <Filter>Source Files\More advanced demos</Filter>
    </ClCompile>
    <ClCompile Include="StarfieldDemo.cpp">
      <Filter>Source Files\More advanced demos</Filter>
    </ClCompile>
    <ClCompile Include="ZoomingDemo.cpp">
      <Filter>Source Files\More advanced demos</Filter>
    </ClCompile>
    <ClCompile Include="PsyhqEngine.cpp">
      <Filter>Source Files</Filter>
    </ClCompile>
    <ClCompile Include="Node.cpp">
      <Filter>Source Files</Filter>
    </ClCompile>
    <ClCompile Include="Entity.cpp">
      <Filter>Source Files\Entity</Filter>
    </ClCompile>
    <ClCompile Include="MyDemoA.cpp">
      <Filter>Source Files\Demos</Filter>
    </ClCompile>
    <ClCompile Include="MyObjectB.cpp">
      <Filter>Source Files\Demos</Filter>
    </ClCompile>
    <ClCompile Include="State.cpp">
      <Filter>Source Files\Demos</Filter>
    </ClCompile>
    <ClCompile Include="scoreObject.cpp">
      <Filter>Source Files\Demos</Filter>
    </ClCompile>
    <ClCompile Include="Chaser.cpp">
      <Filter>Source Files\Entity\Mob</Filter>
    </ClCompile>
    <ClCompile Include="ChaserPro.cpp">
      <Filter>Source Files\Entity\Mob</Filter>
    </ClCompile>
    <ClCompile Include="Dragon.cpp">
      <Filter>Source Files\Entity\Mob</Filter>
    </ClCompile>
    <ClCompile Include="Dummy.cpp">
      <Filter>Source Files\Entity\Mob</Filter>
    </ClCompile>
    <ClCompile Include="Dynamite.cpp">
      <Filter>Source Files\Entity</Filter>
    </ClCompile>
    <ClCompile Include="Mob.cpp">
      <Filter>Source Files\Entity\Mob</Filter>
    </ClCompile>
    <ClCompile Include="Player.cpp">
      <Filter>Source Files\Entity\Mob</Filter>
    </ClCompile>
    <ClCompile Include="Player1.cpp">
      <Filter>Source Files\Entity\Mob</Filter>
    </ClCompile>
    <ClCompile Include="Shooter.cpp">
      <Filter>Source Files\Entity\Mob</Filter>
    </ClCompile>
    <ClCompile Include="Zombie.cpp">
      <Filter>Source Files\Entity\Mob</Filter>
    </ClCompile>
    <ClCompile Include="PsyhqTileManager.cpp">
      <Filter>Source Files\Level</Filter>
    </ClCompile>
    <ClCompile Include="MyTileManager.cpp">
      <Filter>Source Files\Demos</Filter>
    </ClCompile>
    <ClCompile Include="LevelOne.cpp">
      <Filter>Source Files\Level</Filter>
    </ClCompile>
    <ClCompile Include="LevelTwo.cpp">
      <Filter>Source Files\Level</Filter>
    </ClCompile>
    <ClCompile Include="LevelEight.cpp">
      <Filter>Source Files\Level</Filter>
    </ClCompile>
    <ClCompile Include="LevelFive.cpp">
      <Filter>Source Files\Level</Filter>
    </ClCompile>
    <ClCompile Include="LevelFour.cpp">
      <Filter>Source Files\Level</Filter>
    </ClCompile>
    <ClCompile Include="LevelNine.cpp">
      <Filter>Source Files\Level</Filter>
    </ClCompile>
    <ClCompile Include="LevelSeven.cpp">
      <Filter>Source Files\Level</Filter>
    </ClCompile>
    <ClCompile Include="LevelSix.cpp">
      <Filter>Source Files\Level</Filter>
    </ClCompile>
    <ClCompile Include="LevelTen.cpp">
      <Filter>Source Files\Level</Filter>
    </ClCompile>
    <ClCompile Include="LevelThree.cpp">
      <Filter>Source Files\Level</Filter>
    </ClCompile>
    <ClCompile Include="AnimatedSprite.cpp">
      <Filter>Source Files\Graphics</Filter>
    </ClCompile>
    <ClCompile Include="BoxTile.cpp">
      <Filter>Source Files\Level\Tile</Filter>
    </ClCompile>
    <ClCompile Include="ButtonTile.cpp">
      <Filter>Source Files\Level\Tile</Filter>
    </ClCompile>
    <ClCompile Include="DoorTile.cpp">
      <Filter>Source Files\Level\Tile</Filter>
    </ClCompile>
    <ClCompile Include="Explosion.cpp">
      <Filter>Source Files\Entity</Filter>
    </ClCompile>
    <ClCompile Include="Fireball.cpp">
      <Filter>Source Files\Entity</Filter>
    </ClCompile>
    <ClCompile Include="MenuButton.cpp">
      <Filter>Source Files\Graphics</Filter>
    </ClCompile>
    <ClCompile Include="GrassTile.cpp">
      <Filter>Source Files\Level\Tile</Filter>
    </ClCompile>
    <ClCompile Include="Projectile.cpp">
      <Filter>Source Files\Entity</Filter>
    </ClCompile>
    <ClCompile Include="Tile.cpp">
      <Filter>Source Files\Level\Tile</Filter>
    </ClCompile>
    <ClCompile Include="StoneWallTile.cpp">
      <Filter>Source Files\Level\Tile</Filter>
    </ClCompile>
    <ClCompile Include="TileCoordinate.cpp">
      <Filter>Source Files\Level\Tile</Filter>
    </ClCompile>
    <ClCompile Include="StoneFloorTile.cpp">
      <Filter>Source Files\Level\Tile</Filter>
    </ClCompile>
    <ClCompile Include="rotateImage.cpp">
      <Filter>Source Files\Graphics</Filter>
    </ClCompile>
  </ItemGroup>
</Project>